// !$*UTF8*$!
{
	archiveVersion = 1;
	classes = {
	};
	objectVersion = 55;
	objects = {

/* Begin PBXBuildFile section */
		28001250283EAB240023497B /* DataManager.swift in Sources */ = {isa = PBXBuildFile; fileRef = 2800124F283EAB240023497B /* DataManager.swift */; };
		28001254283EABD60023497B /* Person.swift in Sources */ = {isa = PBXBuildFile; fileRef = 28001253283EABD60023497B /* Person.swift */; };
		28001256283EB3840023497B /* ContactRowView.swift in Sources */ = {isa = PBXBuildFile; fileRef = 28001255283EB3840023497B /* ContactRowView.swift */; };
		28E5C6AF283EA75100E98D03 /* ContactListwithSwithUIApp.swift in Sources */ = {isa = PBXBuildFile; fileRef = 28E5C6AE283EA75100E98D03 /* ContactListwithSwithUIApp.swift */; };
		28E5C6B1283EA75100E98D03 /* ContentView.swift in Sources */ = {isa = PBXBuildFile; fileRef = 28E5C6B0283EA75100E98D03 /* ContentView.swift */; };
		28E5C6B3283EA75300E98D03 /* Assets.xcassets in Resources */ = {isa = PBXBuildFile; fileRef = 28E5C6B2283EA75300E98D03 /* Assets.xcassets */; };
		28E5C6B6283EA75300E98D03 /* Preview Assets.xcassets in Resources */ = {isa = PBXBuildFile; fileRef = 28E5C6B5283EA75300E98D03 /* Preview Assets.xcassets */; };
		28E5C6BD283EA79400E98D03 /* ContactListView.swift in Sources */ = {isa = PBXBuildFile; fileRef = 28E5C6BC283EA79400E98D03 /* ContactListView.swift */; };
		28E5C6BF283EA7A800E98D03 /* ContactSectionView.swift in Sources */ = {isa = PBXBuildFile; fileRef = 28E5C6BE283EA7A800E98D03 /* ContactSectionView.swift */; };
		28E5C6C1283EA7C900E98D03 /* PersonContactView.swift in Sources */ = {isa = PBXBuildFile; fileRef = 28E5C6C0283EA7C900E98D03 /* PersonContactView.swift */; };
/* End PBXBuildFile section */

/* Begin PBXFileReference section */
		2800124F283EAB240023497B /* DataManager.swift */ = {isa = PBXFileReference; lastKnownFileType = sourcecode.swift; path = DataManager.swift; sourceTree = "<group>"; };
		28001253283EABD60023497B /* Person.swift */ = {isa = PBXFileReference; lastKnownFileType = sourcecode.swift; path = Person.swift; sourceTree = "<group>"; };
		28001255283EB3840023497B /* ContactRowView.swift */ = {isa = PBXFileReference; lastKnownFileType = sourcecode.swift; path = ContactRowView.swift; sourceTree = "<group>"; };
		28E5C6AB283EA75100E98D03 /* ContactListwithSwithUI.app */ = {isa = PBXFileReference; explicitFileType = wrapper.application; includeInIndex = 0; path = ContactListwithSwithUI.app; sourceTree = BUILT_PRODUCTS_DIR; };
		28E5C6AE283EA75100E98D03 /* ContactListwithSwithUIApp.swift */ = {isa = PBXFileReference; lastKnownFileType = sourcecode.swift; path = ContactListwithSwithUIApp.swift; sourceTree = "<group>"; };
		28E5C6B0283EA75100E98D03 /* ContentView.swift */ = {isa = PBXFileReference; lastKnownFileType = sourcecode.swift; path = ContentView.swift; sourceTree = "<group>"; };
		28E5C6B2283EA75300E98D03 /* Assets.xcassets */ = {isa = PBXFileReference; lastKnownFileType = folder.assetcatalog; path = Assets.xcassets; sourceTree = "<group>"; };
		28E5C6B5283EA75300E98D03 /* Preview Assets.xcassets */ = {isa = PBXFileReference; lastKnownFileType = folder.assetcatalog; path = "Preview Assets.xcassets"; sourceTree = "<group>"; };
		28E5C6BC283EA79400E98D03 /* ContactListView.swift */ = {isa = PBXFileReference; lastKnownFileType = sourcecode.swift; path = ContactListView.swift; sourceTree = "<group>"; };
		28E5C6BE283EA7A800E98D03 /* ContactSectionView.swift */ = {isa = PBXFileReference; lastKnownFileType = sourcecode.swift; path = ContactSectionView.swift; sourceTree = "<group>"; };
		28E5C6C0283EA7C900E98D03 /* PersonContactView.swift */ = {isa = PBXFileReference; lastKnownFileType = sourcecode.swift; path = PersonContactView.swift; sourceTree = "<group>"; };
/* End PBXFileReference section */

/* Begin PBXFrameworksBuildPhase section */
		28E5C6A8283EA75100E98D03 /* Frameworks */ = {
			isa = PBXFrameworksBuildPhase;
			buildActionMask = 2147483647;
			files = (
			);
			runOnlyForDeploymentPostprocessing = 0;
		};
/* End PBXFrameworksBuildPhase section */

/* Begin PBXGroup section */
		28E5C6A2283EA75100E98D03 = {
			isa = PBXGroup;
			children = (
				28E5C6AD283EA75100E98D03 /* ContactListwithSwithUI */,
				28E5C6AC283EA75100E98D03 /* Products */,
			);
			sourceTree = "<group>";
		};
		28E5C6AC283EA75100E98D03 /* Products */ = {
			isa = PBXGroup;
			children = (
				28E5C6AB283EA75100E98D03 /* ContactListwithSwithUI.app */,
			);
			name = Products;
			sourceTree = "<group>";
		};
		28E5C6AD283EA75100E98D03 /* ContactListwithSwithUI */ = {
			isa = PBXGroup;
			children = (
				28E5C6AE283EA75100E98D03 /* ContactListwithSwithUIApp.swift */,
				28E5C6B0283EA75100E98D03 /* ContentView.swift */,
				28E5C6BC283EA79400E98D03 /* ContactListView.swift */,
				28E5C6C0283EA7C900E98D03 /* PersonContactView.swift */,
				28E5C6BE283EA7A800E98D03 /* ContactSectionView.swift */,
				28001255283EB3840023497B /* ContactRowView.swift */,
				28001253283EABD60023497B /* Person.swift */,
				2800124F283EAB240023497B /* DataManager.swift */,
				28E5C6B2283EA75300E98D03 /* Assets.xcassets */,
				28E5C6B4283EA75300E98D03 /* Preview Content */,
			);
			path = ContactListwithSwithUI;
			sourceTree = "<group>";
		};
		28E5C6B4283EA75300E98D03 /* Preview Content */ = {
			isa = PBXGroup;
			children = (
				28E5C6B5283EA75300E98D03 /* Preview Assets.xcassets */,
			);
			path = "Preview Content";
			sourceTree = "<group>";
		};
/* End PBXGroup section */

/* Begin PBXNativeTarget section */
		28E5C6AA283EA75100E98D03 /* ContactListwithSwithUI */ = {
			isa = PBXNativeTarget;
			buildConfigurationList = 28E5C6B9283EA75300E98D03 /* Build configuration list for PBXNativeTarget "ContactListwithSwithUI" */;
			buildPhases = (
				28E5C6A7283EA75100E98D03 /* Sources */,
				28E5C6A8283EA75100E98D03 /* Frameworks */,
				28E5C6A9283EA75100E98D03 /* Resources */,
			);
			buildRules = (
			);
			dependencies = (
			);
			name = ContactListwithSwithUI;
			productName = ContactListwithSwithUI;
			productReference = 28E5C6AB283EA75100E98D03 /* ContactListwithSwithUI.app */;
			productType = "com.apple.product-type.application";
		};
/* End PBXNativeTarget section */

/* Begin PBXProject section */
		28E5C6A3283EA75100E98D03 /* Project object */ = {
			isa = PBXProject;
			attributes = {
				BuildIndependentTargetsInParallel = 1;
				LastSwiftUpdateCheck = 1340;
				LastUpgradeCheck = 1340;
				TargetAttributes = {
					28E5C6AA283EA75100E98D03 = {
						CreatedOnToolsVersion = 13.4;
					};
				};
			};
			buildConfigurationList = 28E5C6A6283EA75100E98D03 /* Build configuration list for PBXProject "ContactListwithSwithUI" */;
			compatibilityVersion = "Xcode 13.0";
			developmentRegion = en;
			hasScannedForEncodings = 0;
			knownRegions = (
				en,
				Base,
			);
			mainGroup = 28E5C6A2283EA75100E98D03;
			productRefGroup = 28E5C6AC283EA75100E98D03 /* Products */;
			projectDirPath = "";
			projectRoot = "";
			targets = (
				28E5C6AA283EA75100E98D03 /* ContactListwithSwithUI */,
			);
		};
/* End PBXProject section */

/* Begin PBXResourcesBuildPhase section */
		28E5C6A9283EA75100E98D03 /* Resources */ = {
			isa = PBXResourcesBuildPhase;
			buildActionMask = 2147483647;
			files = (
				28E5C6B6283EA75300E98D03 /* Preview Assets.xcassets in Resources */,
				28E5C6B3283EA75300E98D03 /* Assets.xcassets in Resources */,
			);
			runOnlyForDeploymentPostprocessing = 0;
		};
/* End PBXResourcesBuildPhase section */

/* Begin PBXSourcesBuildPhase section */
		28E5C6A7283EA75100E98D03 /* Sources */ = {
			isa = PBXSourcesBuildPhase;
			buildActionMask = 2147483647;
			files = (
				28E5C6BD283EA79400E98D03 /* ContactListView.swift in Sources */,
				28001250283EAB240023497B /* DataManager.swift in Sources */,
				28E5C6C1283EA7C900E98D03 /* PersonContactView.swift in Sources */,
				28E5C6B1283EA75100E98D03 /* ContentView.swift in Sources */,
				28001254283EABD60023497B /* Person.swift in Sources */,
				28E5C6AF283EA75100E98D03 /* ContactListwithSwithUIApp.swift in Sources */,
				28001256283EB3840023497B /* ContactRowView.swift in Sources */,
				28E5C6BF283EA7A800E98D03 /* ContactSectionView.swift in Sources */,
			);
			runOnlyForDeploymentPostprocessing = 0;
		};
/* End PBXSourcesBuildPhase section */

/* Begin XCBuildConfiguration section */
		28E5C6B7283EA75300E98D03 /* Debug */ = {
			isa = XCBuildConfiguration;
			buildSettings = {
				ALWAYS_SEARCH_USER_PATHS = NO;
				CLANG_ANALYZER_NONNULL = YES;
				CLANG_ANALYZER_NUMBER_OBJECT_CONVERSION = YES_AGGRESSIVE;
				CLANG_CXX_LANGUAGE_STANDARD = "gnu++17";
				CLANG_ENABLE_MODULES = YES;
				CLANG_ENABLE_OBJC_ARC = YES;
				CLANG_ENABLE_OBJC_WEAK = YES;
				CLANG_WARN_BLOCK_CAPTURE_AUTORELEASING = YES;
				CLANG_WARN_BOOL_CONVERSION = YES;
				CLANG_WARN_COMMA = YES;
				CLANG_WARN_CONSTANT_CONVERSION = YES;
				CLANG_WARN_DEPRECATED_OBJC_IMPLEMENTATIONS = YES;
				CLANG_WARN_DIRECT_OBJC_ISA_USAGE = YES_ERROR;
				CLANG_WARN_DOCUMENTATION_COMMENTS = YES;
				CLANG_WARN_EMPTY_BODY = YES;
				CLANG_WARN_ENUM_CONVERSION = YES;
				CLANG_WARN_INFINITE_RECURSION = YES;
				CLANG_WARN_INT_CONVERSION = YES;
				CLANG_WARN_NON_LITERAL_NULL_CONVERSION = YES;
				CLANG_WARN_OBJC_IMPLICIT_RETAIN_SELF = YES;
				CLANG_WARN_OBJC_LITERAL_CONVERSION = YES;
				CLANG_WARN_OBJC_ROOT_CLASS = YES_ERROR;
				CLANG_WARN_QUOTED_INCLUDE_IN_FRAMEWORK_HEADER = YES;
				CLANG_WARN_RANGE_LOOP_ANALYSIS = YES;
				CLANG_WARN_STRICT_PROTOTYPES = YES;
				CLANG_WARN_SUSPICIOUS_MOVE = YES;
				CLANG_WARN_UNGUARDED_AVAILABILITY = YES_AGGRESSIVE;
				CLANG_WARN_UNREACHABLE_CODE = YES;
				CLANG_WARN__DUPLICATE_METHOD_MATCH = YES;
				COPY_PHASE_STRIP = NO;
				DEBUG_INFORMATION_FORMAT = dwarf;
				ENABLE_STRICT_OBJC_MSGSEND = YES;
				ENABLE_TESTABILITY = YES;
				GCC_C_LANGUAGE_STANDARD = gnu11;
				GCC_DYNAMIC_NO_PIC = NO;
				GCC_NO_COMMON_BLOCKS = YES;
				GCC_OPTIMIZATION_LEVEL = 0;
				GCC_PREPROCESSOR_DEFINITIONS = (
					"DEBUG=1",
					"$(inherited)",
				);
				GCC_WARN_64_TO_32_BIT_CONVERSION = YES;
				GCC_WARN_ABOUT_RETURN_TYPE = YES_ERROR;
				GCC_WARN_UNDECLARED_SELECTOR = YES;
				GCC_WARN_UNINITIALIZED_AUTOS = YES_AGGRESSIVE;
				GCC_WARN_UNUSED_FUNCTION = YES;
				GCC_WARN_UNUSED_VARIABLE = YES;
				IPHONEOS_DEPLOYMENT_TARGET = 15.5;
				MTL_ENABLE_DEBUG_INFO = INCLUDE_SOURCE;
				MTL_FAST_MATH = YES;
				ONLY_ACTIVE_ARCH = YES;
				SDKROOT = iphoneos;
				SWIFT_ACTIVE_COMPILATION_CONDITIONS = DEBUG;
				SWIFT_OPTIMIZATION_LEVEL = "-Onone";
			};
			name = Debug;
		};
		28E5C6B8283EA75300E98D03 /* Release */ = {
			isa = XCBuildConfiguration;
			buildSettings = {
				ALWAYS_SEARCH_USER_PATHS = NO;
				CLANG_ANALYZER_NONNULL = YES;
				CLANG_ANALYZER_NUMBER_OBJECT_CONVERSION = YES_AGGRESSIVE;
				CLANG_CXX_LANGUAGE_STANDARD = "gnu++17";
				CLANG_ENABLE_MODULES = YES;
				CLANG_ENABLE_OBJC_ARC = YES;
				CLANG_ENABLE_OBJC_WEAK = YES;
				CLANG_WARN_BLOCK_CAPTURE_AUTORELEASING = YES;
				CLANG_WARN_BOOL_CONVERSION = YES;
				CLANG_WARN_COMMA = YES;
				CLANG_WARN_CONSTANT_CONVERSION = YES;
				CLANG_WARN_DEPRECATED_OBJC_IMPLEMENTATIONS = YES;
				CLANG_WARN_DIRECT_OBJC_ISA_USAGE = YES_ERROR;
				CLANG_WARN_DOCUMENTATION_COMMENTS = YES;
				CLANG_WARN_EMPTY_BODY = YES;
				CLANG_WARN_ENUM_CONVERSION = YES;
				CLANG_WARN_INFINITE_RECURSION = YES;
				CLANG_WARN_INT_CONVERSION = YES;
				CLANG_WARN_NON_LITERAL_NULL_CONVERSION = YES;
				CLANG_WARN_OBJC_IMPLICIT_RETAIN_SELF = YES;
				CLANG_WARN_OBJC_LITERAL_CONVERSION = YES;
				CLANG_WARN_OBJC_ROOT_CLASS = YES_ERROR;
				CLANG_WARN_QUOTED_INCLUDE_IN_FRAMEWORK_HEADER = YES;
				CLANG_WARN_RANGE_LOOP_ANALYSIS = YES;
				CLANG_WARN_STRICT_PROTOTYPES = YES;
				CLANG_WARN_SUSPICIOUS_MOVE = YES;
				CLANG_WARN_UNGUARDED_AVAILABILITY = YES_AGGRESSIVE;
				CLANG_WARN_UNREACHABLE_CODE = YES;
				CLANG_WARN__DUPLICATE_METHOD_MATCH = YES;
				COPY_PHASE_STRIP = NO;
				DEBUG_INFORMATION_FORMAT = "dwarf-with-dsym";
				ENABLE_NS_ASSERTIONS = NO;
				ENABLE_STRICT_OBJC_MSGSEND = YES;
				GCC_C_LANGUAGE_STANDARD = gnu11;
				GCC_NO_COMMON_BLOCKS = YES;
				GCC_WARN_64_TO_32_BIT_CONVERSION = YES;
				GCC_WARN_ABOUT_RETURN_TYPE = YES_ERROR;
				GCC_WARN_UNDECLARED_SELECTOR = YES;
				GCC_WARN_UNINITIALIZED_AUTOS = YES_AGGRESSIVE;
				GCC_WARN_UNUSED_FUNCTION = YES;
				GCC_WARN_UNUSED_VARIABLE = YES;
				IPHONEOS_DEPLOYMENT_TARGET = 15.5;
				MTL_ENABLE_DEBUG_INFO = NO;
				MTL_FAST_MATH = YES;
				SDKROOT = iphoneos;
				SWIFT_COMPILATION_MODE = wholemodule;
				SWIFT_OPTIMIZATION_LEVEL = "-O";
				VALIDATE_PRODUCT = YES;
			};
			name = Release;
		};
		28E5C6BA283EA75300E98D03 /* Debug */ = {
			isa = XCBuildConfiguration;
			buildSettings = {
				ASSETCATALOG_COMPILER_APPICON_NAME = AppIcon;
				ASSETCATALOG_COMPILER_GLOBAL_ACCENT_COLOR_NAME = AccentColor;
				CODE_SIGN_STYLE = Automatic;
				CURRENT_PROJECT_VERSION = 1;
				DEVELOPMENT_ASSET_PATHS = "\"ContactListwithSwithUI/Preview Content\"";
				DEVELOPMENT_TEAM = 6P96P67U8G;
				ENABLE_PREVIEWS = YES;
				GENERATE_INFOPLIST_FILE = YES;
				INFOPLIST_KEY_UIApplicationSceneManifest_Generation = YES;
				INFOPLIST_KEY_UIApplicationSupportsIndirectInputEvents = YES;
				INFOPLIST_KEY_UILaunchScreen_Generation = YES;
				INFOPLIST_KEY_UISupportedInterfaceOrientations_iPad = "UIInterfaceOrientationPortrait UIInterfaceOrientationPortraitUpsideDown UIInterfaceOrientationLandscapeLeft UIInterfaceOrientationLandscapeRight";
				INFOPLIST_KEY_UISupportedInterfaceOrientations_iPhone = "UIInterfaceOrientationPortrait UIInterfaceOrientationLandscapeLeft UIInterfaceOrientationLandscapeRight";
				LD_RUNPATH_SEARCH_PATHS = (
					"$(inherited)",
					"@executable_path/Frameworks",
				);
				MARKETING_VERSION = 1.0;
				PRODUCT_BUNDLE_IDENTIFIER = ru.alexrybachev.ContactListwithSwithUI;
				PRODUCT_NAME = "$(TARGET_NAME)";
				SWIFT_EMIT_LOC_STRINGS = YES;
				SWIFT_VERSION = 5.0;
				TARGETED_DEVICE_FAMILY = "1,2";
			};
			name = Debug;
		};
		28E5C6BB283EA75300E98D03 /* Release */ = {
			isa = XCBuildConfiguration;
			buildSettings = {
				ASSETCATALOG_COMPILER_APPICON_NAME = AppIcon;
				ASSETCATALOG_COMPILER_GLOBAL_ACCENT_COLOR_NAME = AccentColor;
				CODE_SIGN_STYLE = Automatic;
				CURRENT_PROJECT_VERSION = 1;
				DEVELOPMENT_ASSET_PATHS = "\"ContactListwithSwithUI/Preview Content\"";
				DEVELOPMENT_TEAM = 6P96P67U8G;
				ENABLE_PREVIEWS = YES;
				GENERATE_INFOPLIST_FILE = YES;
				INFOPLIST_KEY_UIApplicationSceneManifest_Generation = YES;
				INFOPLIST_KEY_UIApplicationSupportsIndirectInputEvents = YES;
				INFOPLIST_KEY_UILaunchScreen_Generation = YES;
				INFOPLIST_KEY_UISupportedInterfaceOrientations_iPad = "UIInterfaceOrientationPortrait UIInterfaceOrientationPortraitUpsideDown UIInterfaceOrientationLandscapeLeft UIInterfaceOrientationLandscapeRight";
				INFOPLIST_KEY_UISupportedInterfaceOrientations_iPhone = "UIInterfaceOrientationPortrait UIInterfaceOrientationLandscapeLeft UIInterfaceOrientationLandscapeRight";
				LD_RUNPATH_SEARCH_PATHS = (
					"$(inherited)",
					"@executable_path/Frameworks",
				);
				MARKETING_VERSION = 1.0;
				PRODUCT_BUNDLE_IDENTIFIER = ru.alexrybachev.ContactListwithSwithUI;
				PRODUCT_NAME = "$(TARGET_NAME)";
				SWIFT_EMIT_LOC_STRINGS = YES;
				SWIFT_VERSION = 5.0;
				TARGETED_DEVICE_FAMILY = "1,2";
			};
			name = Release;
		};
/* End XCBuildConfiguration section */

/* Begin XCConfigurationList section */
		28E5C6A6283EA75100E98D03 /* Build configuration list for PBXProject "ContactListwithSwithUI" */ = {
			isa = XCConfigurationList;
			buildConfigurations = (
				28E5C6B7283EA75300E98D03 /* Debug */,
				28E5C6B8283EA75300E98D03 /* Release */,
			);
			defaultConfigurationIsVisible = 0;
			defaultConfigurationName = Release;
		};
		28E5C6B9283EA75300E98D03 /* Build configuration list for PBXNativeTarget "ContactListwithSwithUI" */ = {
			isa = XCConfigurationList;
			buildConfigurations = (
				28E5C6BA283EA75300E98D03 /* Debug */,
				28E5C6BB283EA75300E98D03 /* Release */,
			);
			defaultConfigurationIsVisible = 0;
			defaultConfigurationName = Release;
		};
/* End XCConfigurationList section */
	};
	rootObject = 28E5C6A3283EA75100E98D03 /* Project object */;
}
